
Microsoft Visual Studio Solution File, Format Version 12.00
# Visual Studio Version 17
VisualStudioVersion = 17.4.33122.133
MinimumVisualStudioVersion = 10.0.40219.1
Project("{8BC9CEB8-8B4A-11D0-8D11-00A0C91BC942}") = "System", "System\System.vcxproj", "{6EE73AC1-0F79-4585-A0E7-9188E4FA739F}"
EndProject
Project("{8BC9CEB8-8B4A-11D0-8D11-00A0C91BC942}") = "sfmltest", "sfmltest\sfmltest.vcxproj", "{33BCF841-235C-45F0-A149-F71D7D56DC0A}"
EndProject
Global
	GlobalSection(SolutionConfigurationPlatforms) = preSolution
		Debug|x64 = Debug|x64
		Debug|x86 = Debug|x86
		Release|x64 = Release|x64
		Release|x86 = Release|x86
	EndGlobalSection
	GlobalSection(ProjectConfigurationPlatforms) = postSolution
		{6EE73AC1-0F79-4585-A0E7-9188E4FA739F}.Debug|x64.ActiveCfg = Debug|x64
		{6EE73AC1-0F79-4585-A0E7-9188E4FA739F}.Debug|x64.Build.0 = Debug|x64
		{6EE73AC1-0F79-4585-A0E7-9188E4FA739F}.Debug|x86.ActiveCfg = Debug|Win32
		{6EE73AC1-0F79-4585-A0E7-9188E4FA739F}.Debug|x86.Build.0 = Debug|Win32
		{6EE73AC1-0F79-4585-A0E7-9188E4FA739F}.Release|x64.ActiveCfg = Release|x64
		{6EE73AC1-0F79-4585-A0E7-9188E4FA739F}.Release|x64.Build.0 = Release|x64
		{6EE73AC1-0F79-4585-A0E7-9188E4FA739F}.Release|x86.ActiveCfg = Release|Win32
		{6EE73AC1-0F79-4585-A0E7-9188E4FA739F}.Release|x86.Build.0 = Release|Win32
		{33BCF841-235C-45F0-A149-F71D7D56DC0A}.Debug|x64.ActiveCfg = Debug|x64
		{33BCF841-235C-45F0-A149-F71D7D56DC0A}.Debug|x64.Build.0 = Debug|x64
		{33BCF841-235C-45F0-A149-F71D7D56DC0A}.Debug|x86.ActiveCfg = Debug|Win32
		{33BCF841-235C-45F0-A149-F71D7D56DC0A}.Debug|x86.Build.0 = Debug|Win32
		{33BCF841-235C-45F0-A149-F71D7D56DC0A}.Release|x64.ActiveCfg = Release|x64
		{33BCF841-235C-45F0-A149-F71D7D56DC0A}.Release|x64.Build.0 = Release|x64
		{33BCF841-235C-45F0-A149-F71D7D56DC0A}.Release|x86.ActiveCfg = Release|Win32
		{33BCF841-235C-45F0-A149-F71D7D56DC0A}.Release|x86.Build.0 = Release|Win32
	EndGlobalSection
	GlobalSection(SolutionProperties) = preSolution
		HideSolutionNode = FALSE
	EndGlobalSection
	GlobalSection(ExtensibilityGlobals) = postSolution
		SolutionGuid = {34D27621-94DE-4FCF-8C33-BC8AB5FA0884}
	EndGlobalSection
EndGlobal
